// !$*UTF8*$!
{
	archiveVersion = 1;
	classes = {
	};
	objectVersion = 48;
	objects = {

/* Begin PBXBuildFile section */
		AE376CEF221F943000EBEF31 /* ship.cpp in Sources */ = {isa = PBXBuildFile; fileRef = AE376CED221F943000EBEF31 /* ship.cpp */; };
		AE376CF1221F9A8600EBEF31 /* testBattleShip.cpp in Sources */ = {isa = PBXBuildFile; fileRef = AE376CF0221F9A8500EBEF31 /* testBattleShip.cpp */; };
		AE376D10222737D000EBEF31 /* player.cpp in Sources */ = {isa = PBXBuildFile; fileRef = AE376D0E222737CF00EBEF31 /* player.cpp */; };
		AE92B288221BC445005CD989 /* board.cpp in Sources */ = {isa = PBXBuildFile; fileRef = AE92B285221BC445005CD989 /* board.cpp */; };
		AE92B289221BC445005CD989 /* main.cpp in Sources */ = {isa = PBXBuildFile; fileRef = AE92B287221BC445005CD989 /* main.cpp */; };
/* End PBXBuildFile section */

/* Begin PBXCopyFilesBuildPhase section */
		AE92B279221BC41B005CD989 /* CopyFiles */ = {
			isa = PBXCopyFilesBuildPhase;
			buildActionMask = 2147483647;
			dstPath = /usr/share/man/man1/;
			dstSubfolderSpec = 0;
			files = (
			);
			runOnlyForDeploymentPostprocessing = 1;
		};
/* End PBXCopyFilesBuildPhase section */

/* Begin PBXFileReference section */
		AE376CED221F943000EBEF31 /* ship.cpp */ = {isa = PBXFileReference; fileEncoding = 4; lastKnownFileType = sourcecode.cpp.cpp; name = ship.cpp; path = ../../ship.cpp; sourceTree = "<group>"; };
		AE376CEE221F943000EBEF31 /* ship.h */ = {isa = PBXFileReference; fileEncoding = 4; lastKnownFileType = sourcecode.c.h; name = ship.h; path = ../../ship.h; sourceTree = "<group>"; };
		AE376CF0221F9A8500EBEF31 /* testBattleShip.cpp */ = {isa = PBXFileReference; fileEncoding = 4; lastKnownFileType = sourcecode.cpp.cpp; name = testBattleShip.cpp; path = ../../testBattleShip.cpp; sourceTree = "<group>"; };
		AE376CF2221F9C0B00EBEF31 /* catch.hpp */ = {isa = PBXFileReference; fileEncoding = 4; lastKnownFileType = sourcecode.cpp.h; name = catch.hpp; path = ../../../CS311/newSSarray/catch.hpp; sourceTree = "<group>"; };
		AE376CF32220D28A00EBEF31 /* submarine.h */ = {isa = PBXFileReference; fileEncoding = 4; lastKnownFileType = sourcecode.c.h; name = submarine.h; path = ../../submarine.h; sourceTree = "<group>"; };
		AE376CF42220D28B00EBEF31 /* destroyer.h */ = {isa = PBXFileReference; fileEncoding = 4; lastKnownFileType = sourcecode.c.h; name = destroyer.h; path = ../../destroyer.h; sourceTree = "<group>"; };
		AE376CF52220D28B00EBEF31 /* frigate.h */ = {isa = PBXFileReference; fileEncoding = 4; lastKnownFileType = sourcecode.c.h; name = frigate.h; path = ../../frigate.h; sourceTree = "<group>"; };
		AE376D0B22260D9900EBEF31 /* battleship.h */ = {isa = PBXFileReference; fileEncoding = 4; lastKnownFileType = sourcecode.c.h; name = battleship.h; path = ../../battleship.h; sourceTree = "<group>"; };
		AE376D0D2226232C00EBEF31 /* carrier.h */ = {isa = PBXFileReference; fileEncoding = 4; lastKnownFileType = sourcecode.c.h; name = carrier.h; path = ../../carrier.h; sourceTree = "<group>"; };
		AE376D0E222737CF00EBEF31 /* player.cpp */ = {isa = PBXFileReference; fileEncoding = 4; lastKnownFileType = sourcecode.cpp.cpp; name = player.cpp; path = ../../player.cpp; sourceTree = "<group>"; };
		AE376D0F222737D000EBEF31 /* player.h */ = {isa = PBXFileReference; fileEncoding = 4; lastKnownFileType = sourcecode.c.h; name = player.h; path = ../../player.h; sourceTree = "<group>"; };
		AE92B27B221BC41B005CD989 /* battleship */ = {isa = PBXFileReference; explicitFileType = "compiled.mach-o.executable"; includeInIndex = 0; path = battleship; sourceTree = BUILT_PRODUCTS_DIR; };
		AE92B285221BC445005CD989 /* board.cpp */ = {isa = PBXFileReference; fileEncoding = 4; lastKnownFileType = sourcecode.cpp.cpp; name = board.cpp; path = ../../board.cpp; sourceTree = "<group>"; };
		AE92B286221BC445005CD989 /* board.h */ = {isa = PBXFileReference; fileEncoding = 4; lastKnownFileType = sourcecode.c.h; name = board.h; path = ../../board.h; sourceTree = "<group>"; };
		AE92B287221BC445005CD989 /* main.cpp */ = {isa = PBXFileReference; fileEncoding = 4; lastKnownFileType = sourcecode.cpp.cpp; name = main.cpp; path = ../../main.cpp; sourceTree = "<group>"; };
/* End PBXFileReference section */

/* Begin PBXFrameworksBuildPhase section */
		AE92B278221BC41B005CD989 /* Frameworks */ = {
			isa = PBXFrameworksBuildPhase;
			buildActionMask = 2147483647;
			files = (
			);
			runOnlyForDeploymentPostprocessing = 0;
		};
/* End PBXFrameworksBuildPhase section */

/* Begin PBXGroup section */
		AE92B272221BC41B005CD989 = {
			isa = PBXGroup;
			children = (
				AE92B27D221BC41B005CD989 /* battleship */,
				AE92B27C221BC41B005CD989 /* Products */,
			);
			sourceTree = "<group>";
		};
		AE92B27C221BC41B005CD989 /* Products */ = {
			isa = PBXGroup;
			children = (
				AE92B27B221BC41B005CD989 /* battleship */,
			);
			name = Products;
			sourceTree = "<group>";
		};
		AE92B27D221BC41B005CD989 /* battleship */ = {
			isa = PBXGroup;
			children = (
				AE92B287221BC445005CD989 /* main.cpp */,
				AE92B285221BC445005CD989 /* board.cpp */,
				AE92B286221BC445005CD989 /* board.h */,
				AE376CED221F943000EBEF31 /* ship.cpp */,
				AE376CEE221F943000EBEF31 /* ship.h */,
				AE376CF42220D28B00EBEF31 /* destroyer.h */,
				AE376CF32220D28A00EBEF31 /* submarine.h */,
				AE376CF52220D28B00EBEF31 /* frigate.h */,
				AE376D0B22260D9900EBEF31 /* battleship.h */,
				AE376D0D2226232C00EBEF31 /* carrier.h */,
				AE376CF2221F9C0B00EBEF31 /* catch.hpp */,
				AE376CF0221F9A8500EBEF31 /* testBattleShip.cpp */,
				AE376D0E222737CF00EBEF31 /* player.cpp */,
				AE376D0F222737D000EBEF31 /* player.h */,
			);
			path = battleship;
			sourceTree = "<group>";
		};
/* End PBXGroup section */

/* Begin PBXNativeTarget section */
		AE92B27A221BC41B005CD989 /* battleship */ = {
			isa = PBXNativeTarget;
			buildConfigurationList = AE92B282221BC41C005CD989 /* Build configuration list for PBXNativeTarget "battleship" */;
			buildPhases = (
				AE92B277221BC41B005CD989 /* Sources */,
				AE92B278221BC41B005CD989 /* Frameworks */,
				AE92B279221BC41B005CD989 /* CopyFiles */,
			);
			buildRules = (
			);
			dependencies = (
			);
			name = battleship;
			productName = battleship;
			productReference = AE92B27B221BC41B005CD989 /* battleship */;
			productType = "com.apple.product-type.tool";
		};
/* End PBXNativeTarget section */

/* Begin PBXProject section */
		AE92B273221BC41B005CD989 /* Project object */ = {
			isa = PBXProject;
			attributes = {
				LastUpgradeCheck = 0920;
				ORGANIZATIONNAME = "Erin Tolman";
				TargetAttributes = {
					AE92B27A221BC41B005CD989 = {
						CreatedOnToolsVersion = 9.2;
						ProvisioningStyle = Automatic;
					};
				};
			};
			buildConfigurationList = AE92B276221BC41B005CD989 /* Build configuration list for PBXProject "battleship" */;
			compatibilityVersion = "Xcode 8.0";
			developmentRegion = en;
			hasScannedForEncodings = 0;
			knownRegions = (
				en,
			);
			mainGroup = AE92B272221BC41B005CD989;
			productRefGroup = AE92B27C221BC41B005CD989 /* Products */;
			projectDirPath = "";
			projectRoot = "";
			targets = (
				AE92B27A221BC41B005CD989 /* battleship */,
			);
		};
/* End PBXProject section */

/* Begin PBXSourcesBuildPhase section */
		AE92B277221BC41B005CD989 /* Sources */ = {
			isa = PBXSourcesBuildPhase;
			buildActionMask = 2147483647;
			files = (
				AE92B288221BC445005CD989 /* board.cpp in Sources */,
				AE376D10222737D000EBEF31 /* player.cpp in Sources */,
				AE92B289221BC445005CD989 /* main.cpp in Sources */,
				AE376CEF221F943000EBEF31 /* ship.cpp in Sources */,
				AE376CF1221F9A8600EBEF31 /* testBattleShip.cpp in Sources */,
			);
			runOnlyForDeploymentPostprocessing = 0;
		};
/* End PBXSourcesBuildPhase section */

/* Begin XCBuildConfiguration section */
		AE92B280221BC41C005CD989 /* Debug */ = {
			isa = XCBuildConfiguration;
			buildSettings = {
				ALWAYS_SEARCH_USER_PATHS = NO;
				CLANG_ANALYZER_NONNULL = YES;
				CLANG_ANALYZER_NUMBER_OBJECT_CONVERSION = YES_AGGRESSIVE;
				CLANG_CXX_LANGUAGE_STANDARD = "gnu++14";
				CLANG_CXX_LIBRARY = "libc++";
				CLANG_ENABLE_MODULES = YES;
				CLANG_ENABLE_OBJC_ARC = YES;
				CLANG_WARN_BLOCK_CAPTURE_AUTORELEASING = YES;
				CLANG_WARN_BOOL_CONVERSION = YES;
				CLANG_WARN_COMMA = YES;
				CLANG_WARN_CONSTANT_CONVERSION = YES;
				CLANG_WARN_DIRECT_OBJC_ISA_USAGE = YES_ERROR;
				CLANG_WARN_DOCUMENTATION_COMMENTS = YES;
				CLANG_WARN_EMPTY_BODY = YES;
				CLANG_WARN_ENUM_CONVERSION = YES;
				CLANG_WARN_INFINITE_RECURSION = YES;
				CLANG_WARN_INT_CONVERSION = YES;
				CLANG_WARN_NON_LITERAL_NULL_CONVERSION = YES;
				CLANG_WARN_OBJC_LITERAL_CONVERSION = YES;
				CLANG_WARN_OBJC_ROOT_CLASS = YES_ERROR;
				CLANG_WARN_RANGE_LOOP_ANALYSIS = YES;
				CLANG_WARN_STRICT_PROTOTYPES = YES;
				CLANG_WARN_SUSPICIOUS_MOVE = YES;
				CLANG_WARN_UNGUARDED_AVAILABILITY = YES_AGGRESSIVE;
				CLANG_WARN_UNREACHABLE_CODE = YES;
				CLANG_WARN__DUPLICATE_METHOD_MATCH = YES;
				CODE_SIGN_IDENTITY = "-";
				COPY_PHASE_STRIP = NO;
				DEBUG_INFORMATION_FORMAT = dwarf;
				ENABLE_STRICT_OBJC_MSGSEND = YES;
				ENABLE_TESTABILITY = YES;
				GCC_C_LANGUAGE_STANDARD = gnu11;
				GCC_DYNAMIC_NO_PIC = NO;
				GCC_NO_COMMON_BLOCKS = YES;
				GCC_OPTIMIZATION_LEVEL = 0;
				GCC_PREPROCESSOR_DEFINITIONS = (
					"DEBUG=1",
					"$(inherited)",
				);
				GCC_WARN_64_TO_32_BIT_CONVERSION = YES;
				GCC_WARN_ABOUT_RETURN_TYPE = YES_ERROR;
				GCC_WARN_UNDECLARED_SELECTOR = YES;
				GCC_WARN_UNINITIALIZED_AUTOS = YES_AGGRESSIVE;
				GCC_WARN_UNUSED_FUNCTION = YES;
				GCC_WARN_UNUSED_VARIABLE = YES;
				MACOSX_DEPLOYMENT_TARGET = 10.12;
				MTL_ENABLE_DEBUG_INFO = YES;
				ONLY_ACTIVE_ARCH = YES;
				SDKROOT = macosx;
			};
			name = Debug;
		};
		AE92B281221BC41C005CD989 /* Release */ = {
			isa = XCBuildConfiguration;
			buildSettings = {
				ALWAYS_SEARCH_USER_PATHS = NO;
				CLANG_ANALYZER_NONNULL = YES;
				CLANG_ANALYZER_NUMBER_OBJECT_CONVERSION = YES_AGGRESSIVE;
				CLANG_CXX_LANGUAGE_STANDARD = "gnu++14";
				CLANG_CXX_LIBRARY = "libc++";
				CLANG_ENABLE_MODULES = YES;
				CLANG_ENABLE_OBJC_ARC = YES;
				CLANG_WARN_BLOCK_CAPTURE_AUTORELEASING = YES;
				CLANG_WARN_BOOL_CONVERSION = YES;
				CLANG_WARN_COMMA = YES;
				CLANG_WARN_CONSTANT_CONVERSION = YES;
				CLANG_WARN_DIRECT_OBJC_ISA_USAGE = YES_ERROR;
				CLANG_WARN_DOCUMENTATION_COMMENTS = YES;
				CLANG_WARN_EMPTY_BODY = YES;
				CLANG_WARN_ENUM_CONVERSION = YES;
				CLANG_WARN_INFINITE_RECURSION = YES;
				CLANG_WARN_INT_CONVERSION = YES;
				CLANG_WARN_NON_LITERAL_NULL_CONVERSION = YES;
				CLANG_WARN_OBJC_LITERAL_CONVERSION = YES;
				CLANG_WARN_OBJC_ROOT_CLASS = YES_ERROR;
				CLANG_WARN_RANGE_LOOP_ANALYSIS = YES;
				CLANG_WARN_STRICT_PROTOTYPES = YES;
				CLANG_WARN_SUSPICIOUS_MOVE = YES;
				CLANG_WARN_UNGUARDED_AVAILABILITY = YES_AGGRESSIVE;
				CLANG_WARN_UNREACHABLE_CODE = YES;
				CLANG_WARN__DUPLICATE_METHOD_MATCH = YES;
				CODE_SIGN_IDENTITY = "-";
				COPY_PHASE_STRIP = NO;
				DEBUG_INFORMATION_FORMAT = "dwarf-with-dsym";
				ENABLE_NS_ASSERTIONS = NO;
				ENABLE_STRICT_OBJC_MSGSEND = YES;
				GCC_C_LANGUAGE_STANDARD = gnu11;
				GCC_NO_COMMON_BLOCKS = YES;
				GCC_WARN_64_TO_32_BIT_CONVERSION = YES;
				GCC_WARN_ABOUT_RETURN_TYPE = YES_ERROR;
				GCC_WARN_UNDECLARED_SELECTOR = YES;
				GCC_WARN_UNINITIALIZED_AUTOS = YES_AGGRESSIVE;
				GCC_WARN_UNUSED_FUNCTION = YES;
				GCC_WARN_UNUSED_VARIABLE = YES;
				MACOSX_DEPLOYMENT_TARGET = 10.12;
				MTL_ENABLE_DEBUG_INFO = NO;
				SDKROOT = macosx;
			};
			name = Release;
		};
		AE92B283221BC41C005CD989 /* Debug */ = {
			isa = XCBuildConfiguration;
			buildSettings = {
				CODE_SIGN_STYLE = Automatic;
				PRODUCT_NAME = "$(TARGET_NAME)";
			};
			name = Debug;
		};
		AE92B284221BC41C005CD989 /* Release */ = {
			isa = XCBuildConfiguration;
			buildSettings = {
				CODE_SIGN_STYLE = Automatic;
				PRODUCT_NAME = "$(TARGET_NAME)";
			};
			name = Release;
		};
/* End XCBuildConfiguration section */

/* Begin XCConfigurationList section */
		AE92B276221BC41B005CD989 /* Build configuration list for PBXProject "battleship" */ = {
			isa = XCConfigurationList;
			buildConfigurations = (
				AE92B280221BC41C005CD989 /* Debug */,
				AE92B281221BC41C005CD989 /* Release */,
			);
			defaultConfigurationIsVisible = 0;
			defaultConfigurationName = Release;
		};
		AE92B282221BC41C005CD989 /* Build configuration list for PBXNativeTarget "battleship" */ = {
			isa = XCConfigurationList;
			buildConfigurations = (
				AE92B283221BC41C005CD989 /* Debug */,
				AE92B284221BC41C005CD989 /* Release */,
			);
			defaultConfigurationIsVisible = 0;
			defaultConfigurationName = Release;
		};
/* End XCConfigurationList section */
	};
	rootObject = AE92B273221BC41B005CD989 /* Project object */;
}
